
Microsoft Visual Studio Solution File, Format Version 12.00
# Visual Studio 15
VisualStudioVersion = 15.0.28307.438
MinimumVisualStudioVersion = 10.0.40219.1
Project("{FAE04EC0-301F-11D3-BF4B-00C04F79EFBC}") = "AR", "AR\AR.csproj", "{0AA2A97A-2AEE-4318-9AA1-E7B8138DC6CA}"
EndProject
Global
	GlobalSection(SolutionConfigurationPlatforms) = preSolution
		Debug|Any CPU = Debug|Any CPU
		Release|Any CPU = Release|Any CPU
	EndGlobalSection
	GlobalSection(ProjectConfigurationPlatforms) = postSolution
		{0AA2A97A-2AEE-4318-9AA1-E7B8138DC6CA}.Debug|Any CPU.ActiveCfg = Debug|Any CPU
		{0AA2A97A-2AEE-4318-9AA1-E7B8138DC6CA}.Debug|Any CPU.Build.0 = Debug|Any CPU
		{0AA2A97A-2AEE-4318-9AA1-E7B8138DC6CA}.Release|Any CPU.ActiveCfg = Release|Any CPU
		{0AA2A97A-2AEE-4318-9AA1-E7B8138DC6CA}.Release|Any CPU.Build.0 = Release|Any CPU
	EndGlobalSection
	GlobalSection(SolutionProperties) = preSolution
		HideSolutionNode = FALSE
	EndGlobalSection
	GlobalSection(ExtensibilityGlobals) = postSolution
		SolutionGuid = {5D0171D7-434E-4599-9198-F2501A49D41E}
	EndGlobalSection
EndGlobal
